
Microsoft Visual Studio Solution File, Format Version 12.00
# Visual Studio Version 17
VisualStudioVersion = 17.4.33213.308
MinimumVisualStudioVersion = 10.0.40219.1
Project("{FAE04EC0-301F-11D3-BF4B-00C04F79EFBC}") = "jQueryLearning", "jQueryLearning\jQueryLearning.csproj", "{9646DF57-2DF6-454A-920A-8608092B00A9}"
EndProject
Global
	GlobalSection(SolutionConfigurationPlatforms) = preSolution
		Debug|Any CPU = Debug|Any CPU
		Release|Any CPU = Release|Any CPU
	EndGlobalSection
	GlobalSection(ProjectConfigurationPlatforms) = postSolution
		{9646DF57-2DF6-454A-920A-8608092B00A9}.Debug|Any CPU.ActiveCfg = Debug|Any CPU
		{9646DF57-2DF6-454A-920A-8608092B00A9}.Debug|Any CPU.Build.0 = Debug|Any CPU
		{9646DF57-2DF6-454A-920A-8608092B00A9}.Release|Any CPU.ActiveCfg = Release|Any CPU
		{9646DF57-2DF6-454A-920A-8608092B00A9}.Release|Any CPU.Build.0 = Release|Any CPU
	EndGlobalSection
	GlobalSection(SolutionProperties) = preSolution
		HideSolutionNode = FALSE
	EndGlobalSection
	GlobalSection(ExtensibilityGlobals) = postSolution
		SolutionGuid = {40B27DE3-37F5-4FAA-B17F-E277BD5186F3}
	EndGlobalSection
EndGlobal
